
Microsoft Visual Studio Solution File, Format Version 11.00
# Visual Studio 2010
Project("{8BC9CEB8-8B4A-11D0-8D11-00A0C91BC942}") = "Micropolis", "MicropolisEngine\python\Micropolis.vcxproj", "{8A416F7D-1E36-470A-AE53-FCDF9AEB3D41}"
EndProject
Project("{8BC9CEB8-8B4A-11D0-8D11-00A0C91BC942}") = "TileEngine", "TileEngine\python\TileEngine.vcxproj", "{28C58030-8704-44A4-A165-0A95628AA6B3}"
EndProject
Project("{8BC9CEB8-8B4A-11D0-8D11-00A0C91BC942}") = "CellEngine", "CellEngine\python\CellEngine.vcxproj", "{28C58030-8704-44A4-A165-0A95628AA6B9}"
EndProject
Global
	GlobalSection(SolutionConfigurationPlatforms) = preSolution
		CSharp Release|Any CPU = CSharp Release|Any CPU
		CSharp Release|Mixed Platforms = CSharp Release|Mixed Platforms
		CSharp Release|Win32 = CSharp Release|Win32
		Debug|Any CPU = Debug|Any CPU
		Debug|Mixed Platforms = Debug|Mixed Platforms
		Debug|Win32 = Debug|Win32
		Release|Any CPU = Release|Any CPU
		Release|Mixed Platforms = Release|Mixed Platforms
		Release|Win32 = Release|Win32
		ReleaseSymbols|Any CPU = ReleaseSymbols|Any CPU
		ReleaseSymbols|Mixed Platforms = ReleaseSymbols|Mixed Platforms
		ReleaseSymbols|Win32 = ReleaseSymbols|Win32
	EndGlobalSection
	GlobalSection(ProjectConfigurationPlatforms) = postSolution
		{8A416F7D-1E36-470A-AE53-FCDF9AEB3D41}.CSharp Release|Any CPU.ActiveCfg = CSharp Release|Win32
		{8A416F7D-1E36-470A-AE53-FCDF9AEB3D41}.CSharp Release|Mixed Platforms.ActiveCfg = CSharp Release|Win32
		{8A416F7D-1E36-470A-AE53-FCDF9AEB3D41}.CSharp Release|Mixed Platforms.Build.0 = CSharp Release|Win32
		{8A416F7D-1E36-470A-AE53-FCDF9AEB3D41}.CSharp Release|Win32.ActiveCfg = CSharp Release|Win32
		{8A416F7D-1E36-470A-AE53-FCDF9AEB3D41}.CSharp Release|Win32.Build.0 = CSharp Release|Win32
		{8A416F7D-1E36-470A-AE53-FCDF9AEB3D41}.Debug|Any CPU.ActiveCfg = Release|Win32
		{8A416F7D-1E36-470A-AE53-FCDF9AEB3D41}.Debug|Mixed Platforms.ActiveCfg = Release|Win32
		{8A416F7D-1E36-470A-AE53-FCDF9AEB3D41}.Debug|Mixed Platforms.Build.0 = Release|Win32
		{8A416F7D-1E36-470A-AE53-FCDF9AEB3D41}.Debug|Win32.ActiveCfg = Release|Win32
		{8A416F7D-1E36-470A-AE53-FCDF9AEB3D41}.Debug|Win32.Build.0 = Release|Win32
		{8A416F7D-1E36-470A-AE53-FCDF9AEB3D41}.Release|Any CPU.ActiveCfg = Release|Win32
		{8A416F7D-1E36-470A-AE53-FCDF9AEB3D41}.Release|Mixed Platforms.ActiveCfg = Release|Win32
		{8A416F7D-1E36-470A-AE53-FCDF9AEB3D41}.Release|Mixed Platforms.Build.0 = Release|Win32
		{8A416F7D-1E36-470A-AE53-FCDF9AEB3D41}.Release|Win32.ActiveCfg = Release|Win32
		{8A416F7D-1E36-470A-AE53-FCDF9AEB3D41}.Release|Win32.Build.0 = Release|Win32
		{8A416F7D-1E36-470A-AE53-FCDF9AEB3D41}.ReleaseSymbols|Any CPU.ActiveCfg = ReleaseSymbols|Win32
		{8A416F7D-1E36-470A-AE53-FCDF9AEB3D41}.ReleaseSymbols|Mixed Platforms.ActiveCfg = ReleaseSymbols|Win32
		{8A416F7D-1E36-470A-AE53-FCDF9AEB3D41}.ReleaseSymbols|Mixed Platforms.Build.0 = ReleaseSymbols|Win32
		{8A416F7D-1E36-470A-AE53-FCDF9AEB3D41}.ReleaseSymbols|Win32.ActiveCfg = ReleaseSymbols|Win32
		{8A416F7D-1E36-470A-AE53-FCDF9AEB3D41}.ReleaseSymbols|Win32.Build.0 = ReleaseSymbols|Win32
		{28C58030-8704-44A4-A165-0A95628AA6B3}.CSharp Release|Any CPU.ActiveCfg = CSharp Release|Win32
		{28C58030-8704-44A4-A165-0A95628AA6B3}.CSharp Release|Mixed Platforms.ActiveCfg = CSharp Release|Win32
		{28C58030-8704-44A4-A165-0A95628AA6B3}.CSharp Release|Win32.ActiveCfg = CSharp Release|Win32
		{28C58030-8704-44A4-A165-0A95628AA6B3}.CSharp Release|Win32.Build.0 = CSharp Release|Win32
		{28C58030-8704-44A4-A165-0A95628AA6B3}.Debug|Any CPU.ActiveCfg = Release|Win32
		{28C58030-8704-44A4-A165-0A95628AA6B3}.Debug|Mixed Platforms.ActiveCfg = Release|Win32
		{28C58030-8704-44A4-A165-0A95628AA6B3}.Debug|Mixed Platforms.Build.0 = Release|Win32
		{28C58030-8704-44A4-A165-0A95628AA6B3}.Debug|Win32.ActiveCfg = Release|Win32
		{28C58030-8704-44A4-A165-0A95628AA6B3}.Debug|Win32.Build.0 = Release|Win32
		{28C58030-8704-44A4-A165-0A95628AA6B3}.Release|Any CPU.ActiveCfg = Release|Win32
		{28C58030-8704-44A4-A165-0A95628AA6B3}.Release|Mixed Platforms.ActiveCfg = Release|Win32
		{28C58030-8704-44A4-A165-0A95628AA6B3}.Release|Mixed Platforms.Build.0 = Release|Win32
		{28C58030-8704-44A4-A165-0A95628AA6B3}.Release|Win32.ActiveCfg = Release|Win32
		{28C58030-8704-44A4-A165-0A95628AA6B3}.Release|Win32.Build.0 = Release|Win32
		{28C58030-8704-44A4-A165-0A95628AA6B3}.ReleaseSymbols|Any CPU.ActiveCfg = ReleaseSymbols|Win32
		{28C58030-8704-44A4-A165-0A95628AA6B3}.ReleaseSymbols|Mixed Platforms.ActiveCfg = ReleaseSymbols|Win32
		{28C58030-8704-44A4-A165-0A95628AA6B3}.ReleaseSymbols|Mixed Platforms.Build.0 = ReleaseSymbols|Win32
		{28C58030-8704-44A4-A165-0A95628AA6B3}.ReleaseSymbols|Win32.ActiveCfg = ReleaseSymbols|Win32
		{28C58030-8704-44A4-A165-0A95628AA6B3}.ReleaseSymbols|Win32.Build.0 = ReleaseSymbols|Win32
		{28C58030-8704-44A4-A165-0A95628AA6B9}.CSharp Release|Any CPU.ActiveCfg = CSharp Release|Win32
		{28C58030-8704-44A4-A165-0A95628AA6B9}.CSharp Release|Mixed Platforms.ActiveCfg = CSharp Release|Win32
		{28C58030-8704-44A4-A165-0A95628AA6B9}.CSharp Release|Win32.ActiveCfg = CSharp Release|Win32
		{28C58030-8704-44A4-A165-0A95628AA6B9}.CSharp Release|Win32.Build.0 = CSharp Release|Win32
		{28C58030-8704-44A4-A165-0A95628AA6B9}.Debug|Any CPU.ActiveCfg = Release|Win32
		{28C58030-8704-44A4-A165-0A95628AA6B9}.Debug|Mixed Platforms.ActiveCfg = Release|Win32
		{28C58030-8704-44A4-A165-0A95628AA6B9}.Debug|Mixed Platforms.Build.0 = Release|Win32
		{28C58030-8704-44A4-A165-0A95628AA6B9}.Debug|Win32.ActiveCfg = Release|Win32
		{28C58030-8704-44A4-A165-0A95628AA6B9}.Debug|Win32.Build.0 = Release|Win32
		{28C58030-8704-44A4-A165-0A95628AA6B9}.Release|Any CPU.ActiveCfg = Release|Win32
		{28C58030-8704-44A4-A165-0A95628AA6B9}.Release|Mixed Platforms.ActiveCfg = Release|Win32
		{28C58030-8704-44A4-A165-0A95628AA6B9}.Release|Mixed Platforms.Build.0 = Release|Win32
		{28C58030-8704-44A4-A165-0A95628AA6B9}.Release|Win32.ActiveCfg = Release|Win32
		{28C58030-8704-44A4-A165-0A95628AA6B9}.Release|Win32.Build.0 = Release|Win32
		{28C58030-8704-44A4-A165-0A95628AA6B9}.ReleaseSymbols|Any CPU.ActiveCfg = ReleaseSymbols|Win32
		{28C58030-8704-44A4-A165-0A95628AA6B9}.ReleaseSymbols|Mixed Platforms.ActiveCfg = ReleaseSymbols|Win32
		{28C58030-8704-44A4-A165-0A95628AA6B9}.ReleaseSymbols|Mixed Platforms.Build.0 = ReleaseSymbols|Win32
		{28C58030-8704-44A4-A165-0A95628AA6B9}.ReleaseSymbols|Win32.ActiveCfg = ReleaseSymbols|Win32
		{28C58030-8704-44A4-A165-0A95628AA6B9}.ReleaseSymbols|Win32.Build.0 = ReleaseSymbols|Win32
	EndGlobalSection
	GlobalSection(SolutionProperties) = preSolution
		HideSolutionNode = FALSE
	EndGlobalSection
EndGlobal
